
Microsoft Visual Studio Solution File, Format Version 12.00
# Visual Studio Version 17
VisualStudioVersion = 17.6.33723.286
MinimumVisualStudioVersion = 10.0.40219.1
Project("{FAE04EC0-301F-11D3-BF4B-00C04F79EFBC}") = "ParsingGame2", "ParsingGame2\ParsingGame2.csproj", "{24B00DB7-DD38-44EC-8CAA-A9299FECF9CC}"
EndProject
Global
	GlobalSection(SolutionConfigurationPlatforms) = preSolution
		Debug|Any CPU = Debug|Any CPU
		Release|Any CPU = Release|Any CPU
	EndGlobalSection
	GlobalSection(ProjectConfigurationPlatforms) = postSolution
		{24B00DB7-DD38-44EC-8CAA-A9299FECF9CC}.Debug|Any CPU.ActiveCfg = Debug|Any CPU
		{24B00DB7-DD38-44EC-8CAA-A9299FECF9CC}.Debug|Any CPU.Build.0 = Debug|Any CPU
		{24B00DB7-DD38-44EC-8CAA-A9299FECF9CC}.Release|Any CPU.ActiveCfg = Release|Any CPU
		{24B00DB7-DD38-44EC-8CAA-A9299FECF9CC}.Release|Any CPU.Build.0 = Release|Any CPU
	EndGlobalSection
	GlobalSection(SolutionProperties) = preSolution
		HideSolutionNode = FALSE
	EndGlobalSection
	GlobalSection(ExtensibilityGlobals) = postSolution
		SolutionGuid = {1562C3B3-C399-4FAA-8DED-8CFFB041298A}
	EndGlobalSection
EndGlobal
